version: 2.0
shards:
  compiled_license:
    git: https://github.com/elorest/compiled_license.git
    version: 0.1.3

  fzy:
    git: https://github.com/hugopl/fzy.git
    version: 0.4.0

  gobject:
    git: https://github.com/jhass/crystal-gobject.git
    version: 0.8.0+git.commit.2296ff6b1b2222b83e262c38555fc9eaa8f0b847

  lsp:
    git: https://github.com/hugopl/lsp.git
    version: 0.1.0+git.commit.49ef9e488763bc02fd49875e31e9b7edb8bdde19

  version_from_shard:
    git: https://github.com/hugopl/version_from_shard.git
    version: 1.2.1

