version: 1.0
shards:
  compiled_license:
    github: elorest/compiled_license
    version: 0.1.3

  fzy:
    github: hugopl/fzy
    version: 0.4.0

  gobject:
    github: jhass/crystal-gobject
    commit: 24125934a6d22f6e7004c482b3fd0a67b47c91be

  version_from_shard:
    github: hugopl/version_from_shard
    version: 1.2.1

