version: 2.0
shards:
  compiled_license:
    git: https://github.com/elorest/compiled_license.git
    version: 1.2.2

  fzy:
    git: https://github.com/hugopl/fzy.git
    version: 0.5.2

  gi-crystal:
    git: https://github.com/hugopl/gi-crystal.git
    version: 0.12.0+git.commit.2cd8408f8324d3f8ac0b05652fedbaac8d032c93

  gtk4:
    git: https://github.com/hugopl/gtk4.cr.git
    version: 0.10.0+git.commit.7a6f5a2a5ac7e16c4a893750d2cc34d4ca8bf24f

  libadwaita:
    git: https://github.com/hugopl/libadwaita.cr.git
    version: 1.0.0+git.commit.2722a65e0546e5bcb8bcb8d2bc8642767dae15e7

  toml:
    git: https://github.com/crystal-community/toml.cr.git
    version: 0.7.0

  version_from_shard:
    git: https://github.com/hugopl/version_from_shard.git
    version: 1.2.5

